// !$*UTF8*$!
{
	archiveVersion = 1;
	classes = {
	};
	objectVersion = 42;
	objects = {

/* Begin PBXBuildFile section */
		8DD76FB00486AB0100D96B5E /* q3bsp.1 in CopyFiles */ = {isa = PBXBuildFile; fileRef = C6A0FF2C0290799A04C91782 /* q3bsp.1 */; };
		B744A6700CFE33CD006C1DAA /* bsp.c in Sources */ = {isa = PBXBuildFile; fileRef = B744A6620CFE33CD006C1DAA /* bsp.c */; };
		B744A6710CFE33CD006C1DAA /* bsp.h in CopyFiles */ = {isa = PBXBuildFile; fileRef = B744A6630CFE33CD006C1DAA /* bsp.h */; };
		B744A6720CFE33CD006C1DAA /* camera.c in Sources */ = {isa = PBXBuildFile; fileRef = B744A6640CFE33CD006C1DAA /* camera.c */; };
		B744A6730CFE33CD006C1DAA /* camera.h in CopyFiles */ = {isa = PBXBuildFile; fileRef = B744A6650CFE33CD006C1DAA /* camera.h */; };
		B744A6740CFE33CD006C1DAA /* common.c in Sources */ = {isa = PBXBuildFile; fileRef = B744A6660CFE33CD006C1DAA /* common.c */; };
		B744A6750CFE33CD006C1DAA /* common.h in CopyFiles */ = {isa = PBXBuildFile; fileRef = B744A6670CFE33CD006C1DAA /* common.h */; };
		B744A67B0CFE33CD006C1DAA /* tga.c in Sources */ = {isa = PBXBuildFile; fileRef = B744A66D0CFE33CD006C1DAA /* tga.c */; };
		B744A6AE0CFE3525006C1DAA /* main.c in Sources */ = {isa = PBXBuildFile; fileRef = B744A6AD0CFE3525006C1DAA /* main.c */; };
		B744A6C40CFE3621006C1DAA /* jpeg.c in Sources */ = {isa = PBXBuildFile; fileRef = B744A66A0CFE33CD006C1DAA /* jpeg.c */; settings = {COMPILER_FLAGS = "-I/usr/local/include"; }; };
		B744A7820CFE47FA006C1DAA /* libjpeg.a in Frameworks */ = {isa = PBXBuildFile; fileRef = B744A7810CFE47FA006C1DAA /* libjpeg.a */; };
		B744A7CE0CFE4BCB006C1DAA /* tgalib.c in Sources */ = {isa = PBXBuildFile; fileRef = B744A7CD0CFE4BCB006C1DAA /* tgalib.c */; };
		B744A7D00CFE4BCF006C1DAA /* tgalib.h in CopyFiles */ = {isa = PBXBuildFile; fileRef = B744A7CF0CFE4BCF006C1DAA /* tgalib.h */; };
		B7627A9E0CFE0D00000D3FA2 /* OpenGL.framework in Frameworks */ = {isa = PBXBuildFile; fileRef = B7627A9D0CFE0D00000D3FA2 /* OpenGL.framework */; };
		B7627AA20CFE0D0C000D3FA2 /* GLUT.framework in Frameworks */ = {isa = PBXBuildFile; fileRef = B7627AA10CFE0D0C000D3FA2 /* GLUT.framework */; };
/* End PBXBuildFile section */

/* Begin PBXCopyFilesBuildPhase section */
		8DD76FAF0486AB0100D96B5E /* CopyFiles */ = {
			isa = PBXCopyFilesBuildPhase;
			buildActionMask = 8;
			dstPath = /usr/share/man/man1/;
			dstSubfolderSpec = 0;
			files = (
				8DD76FB00486AB0100D96B5E /* q3bsp.1 in CopyFiles */,
				B744A6710CFE33CD006C1DAA /* bsp.h in CopyFiles */,
				B744A6730CFE33CD006C1DAA /* camera.h in CopyFiles */,
				B744A6750CFE33CD006C1DAA /* common.h in CopyFiles */,
				B744A7D00CFE4BCF006C1DAA /* tgalib.h in CopyFiles */,
			);
			runOnlyForDeploymentPostprocessing = 1;
		};
/* End PBXCopyFilesBuildPhase section */

/* Begin PBXFileReference section */
		8DD76FB20486AB0100D96B5E /* q3bsp */ = {isa = PBXFileReference; explicitFileType = "compiled.mach-o.executable"; includeInIndex = 0; path = q3bsp; sourceTree = BUILT_PRODUCTS_DIR; };
		B744A6620CFE33CD006C1DAA /* bsp.c */ = {isa = PBXFileReference; fileEncoding = 30; lastKnownFileType = sourcecode.c.c; path = bsp.c; sourceTree = "<group>"; };
		B744A6630CFE33CD006C1DAA /* bsp.h */ = {isa = PBXFileReference; fileEncoding = 30; lastKnownFileType = sourcecode.c.h; path = bsp.h; sourceTree = "<group>"; };
		B744A6640CFE33CD006C1DAA /* camera.c */ = {isa = PBXFileReference; fileEncoding = 30; lastKnownFileType = sourcecode.c.c; path = camera.c; sourceTree = "<group>"; };
		B744A6650CFE33CD006C1DAA /* camera.h */ = {isa = PBXFileReference; fileEncoding = 30; lastKnownFileType = sourcecode.c.h; path = camera.h; sourceTree = "<group>"; };
		B744A6660CFE33CD006C1DAA /* common.c */ = {isa = PBXFileReference; fileEncoding = 30; lastKnownFileType = sourcecode.c.c; path = common.c; sourceTree = "<group>"; };
		B744A6670CFE33CD006C1DAA /* common.h */ = {isa = PBXFileReference; fileEncoding = 30; lastKnownFileType = sourcecode.c.h; path = common.h; sourceTree = "<group>"; };
		B744A66A0CFE33CD006C1DAA /* jpeg.c */ = {isa = PBXFileReference; fileEncoding = 30; lastKnownFileType = sourcecode.c.c; path = jpeg.c; sourceTree = "<group>"; };
		B744A66D0CFE33CD006C1DAA /* tga.c */ = {isa = PBXFileReference; fileEncoding = 30; lastKnownFileType = sourcecode.c.c; path = tga.c; sourceTree = "<group>"; };
		B744A6AD0CFE3525006C1DAA /* main.c */ = {isa = PBXFileReference; fileEncoding = 30; lastKnownFileType = sourcecode.c.c; path = main.c; sourceTree = "<group>"; };
		B744A7810CFE47FA006C1DAA /* libjpeg.a */ = {isa = PBXFileReference; lastKnownFileType = archive.ar; name = libjpeg.a; path = libjpeg/libjpeg.a; sourceTree = "<group>"; };
		B744A7CD0CFE4BCB006C1DAA /* tgalib.c */ = {isa = PBXFileReference; fileEncoding = 30; lastKnownFileType = sourcecode.c.c; name = tgalib.c; path = tgalib/tgalib.c; sourceTree = "<group>"; };
		B744A7CF0CFE4BCF006C1DAA /* tgalib.h */ = {isa = PBXFileReference; fileEncoding = 30; lastKnownFileType = sourcecode.c.h; name = tgalib.h; path = tgalib/tgalib.h; sourceTree = "<group>"; };
		B7627A9D0CFE0D00000D3FA2 /* OpenGL.framework */ = {isa = PBXFileReference; lastKnownFileType = wrapper.framework; name = OpenGL.framework; path = /System/Library/Frameworks/OpenGL.framework; sourceTree = "<absolute>"; };
		B7627AA10CFE0D0C000D3FA2 /* GLUT.framework */ = {isa = PBXFileReference; lastKnownFileType = wrapper.framework; name = GLUT.framework; path = /System/Library/Frameworks/GLUT.framework; sourceTree = "<absolute>"; };
		C6A0FF2C0290799A04C91782 /* q3bsp.1 */ = {isa = PBXFileReference; lastKnownFileType = text.man; path = q3bsp.1; sourceTree = "<group>"; };
/* End PBXFileReference section */

/* Begin PBXFrameworksBuildPhase section */
		8DD76FAD0486AB0100D96B5E /* Frameworks */ = {
			isa = PBXFrameworksBuildPhase;
			buildActionMask = 2147483647;
			files = (
				B7627A9E0CFE0D00000D3FA2 /* OpenGL.framework in Frameworks */,
				B7627AA20CFE0D0C000D3FA2 /* GLUT.framework in Frameworks */,
				B744A7820CFE47FA006C1DAA /* libjpeg.a in Frameworks */,
			);
			runOnlyForDeploymentPostprocessing = 0;
		};
/* End PBXFrameworksBuildPhase section */

/* Begin PBXGroup section */
		08FB7794FE84155DC02AAC07 /* q3bsp */ = {
			isa = PBXGroup;
			children = (
				B744A7810CFE47FA006C1DAA /* libjpeg.a */,
				B7627AA10CFE0D0C000D3FA2 /* GLUT.framework */,
				B7627A9D0CFE0D00000D3FA2 /* OpenGL.framework */,
				08FB7795FE84155DC02AAC07 /* Source */,
				C6A0FF2B0290797F04C91782 /* Documentation */,
				1AB674ADFE9D54B511CA2CBB /* Products */,
			);
			name = q3bsp;
			sourceTree = "<group>";
		};
		08FB7795FE84155DC02AAC07 /* Source */ = {
			isa = PBXGroup;
			children = (
				B744A7CF0CFE4BCF006C1DAA /* tgalib.h */,
				B744A7CD0CFE4BCB006C1DAA /* tgalib.c */,
				B744A6AD0CFE3525006C1DAA /* main.c */,
				B744A6620CFE33CD006C1DAA /* bsp.c */,
				B744A6630CFE33CD006C1DAA /* bsp.h */,
				B744A6640CFE33CD006C1DAA /* camera.c */,
				B744A6650CFE33CD006C1DAA /* camera.h */,
				B744A6660CFE33CD006C1DAA /* common.c */,
				B744A6670CFE33CD006C1DAA /* common.h */,
				B744A66A0CFE33CD006C1DAA /* jpeg.c */,
				B744A66D0CFE33CD006C1DAA /* tga.c */,
			);
			name = Source;
			sourceTree = "<group>";
		};
		1AB674ADFE9D54B511CA2CBB /* Products */ = {
			isa = PBXGroup;
			children = (
				8DD76FB20486AB0100D96B5E /* q3bsp */,
			);
			name = Products;
			sourceTree = "<group>";
		};
		C6A0FF2B0290797F04C91782 /* Documentation */ = {
			isa = PBXGroup;
			children = (
				C6A0FF2C0290799A04C91782 /* q3bsp.1 */,
			);
			name = Documentation;
			sourceTree = "<group>";
		};
/* End PBXGroup section */

/* Begin PBXNativeTarget section */
		8DD76FA90486AB0100D96B5E /* q3bsp */ = {
			isa = PBXNativeTarget;
			buildConfigurationList = 1DEB928508733DD80010E9CD /* Build configuration list for PBXNativeTarget "q3bsp" */;
			buildPhases = (
				8DD76FAB0486AB0100D96B5E /* Sources */,
				8DD76FAD0486AB0100D96B5E /* Frameworks */,
				8DD76FAF0486AB0100D96B5E /* CopyFiles */,
			);
			buildRules = (
			);
			dependencies = (
			);
			name = q3bsp;
			productInstallPath = "$(HOME)/bin";
			productName = q3bsp;
			productReference = 8DD76FB20486AB0100D96B5E /* q3bsp */;
			productType = "com.apple.product-type.tool";
		};
/* End PBXNativeTarget section */

/* Begin PBXProject section */
		08FB7793FE84155DC02AAC07 /* Project object */ = {
			isa = PBXProject;
			buildConfigurationList = 1DEB928908733DD80010E9CD /* Build configuration list for PBXProject "q3bsp" */;
			hasScannedForEncodings = 1;
			mainGroup = 08FB7794FE84155DC02AAC07 /* q3bsp */;
			projectDirPath = "";
			targets = (
				8DD76FA90486AB0100D96B5E /* q3bsp */,
			);
		};
/* End PBXProject section */

/* Begin PBXSourcesBuildPhase section */
		8DD76FAB0486AB0100D96B5E /* Sources */ = {
			isa = PBXSourcesBuildPhase;
			buildActionMask = 2147483647;
			files = (
				B744A6700CFE33CD006C1DAA /* bsp.c in Sources */,
				B744A6720CFE33CD006C1DAA /* camera.c in Sources */,
				B744A6740CFE33CD006C1DAA /* common.c in Sources */,
				B744A6C40CFE3621006C1DAA /* jpeg.c in Sources */,
				B744A67B0CFE33CD006C1DAA /* tga.c in Sources */,
				B744A6AE0CFE3525006C1DAA /* main.c in Sources */,
				B744A7CE0CFE4BCB006C1DAA /* tgalib.c in Sources */,
			);
			runOnlyForDeploymentPostprocessing = 0;
		};
/* End PBXSourcesBuildPhase section */

/* Begin XCBuildConfiguration section */
		1DEB928608733DD80010E9CD /* Debug */ = {
			isa = XCBuildConfiguration;
			buildSettings = {
				COPY_PHASE_STRIP = NO;
				GCC_DYNAMIC_NO_PIC = NO;
				GCC_ENABLE_FIX_AND_CONTINUE = YES;
				GCC_MODEL_TUNING = G5;
				GCC_OPTIMIZATION_LEVEL = 0;
				INSTALL_PATH = "$(HOME)/bin";
				LIBRARY_SEARCH_PATHS = (
					"$(inherited)",
					"$(LIBRARY_SEARCH_PATHS_QUOTED_1)",
					"$(LIBRARY_SEARCH_PATHS_QUOTED_2)",
				);
				LIBRARY_SEARCH_PATHS_QUOTED_1 = "\"$(SRCROOT)\"";
				LIBRARY_SEARCH_PATHS_QUOTED_2 = "\"$(SRCROOT)/libjpeg\"";
				PRODUCT_NAME = q3bsp;
				ZERO_LINK = YES;
			};
			name = Debug;
		};
		1DEB928708733DD80010E9CD /* Release */ = {
			isa = XCBuildConfiguration;
			buildSettings = {
				ARCHS = (
					ppc,
					i386,
				);
				GCC_GENERATE_DEBUGGING_SYMBOLS = NO;
				GCC_MODEL_TUNING = G5;
				INSTALL_PATH = "$(HOME)/bin";
				LIBRARY_SEARCH_PATHS = (
					"$(inherited)",
					"$(LIBRARY_SEARCH_PATHS_QUOTED_1)",
					"$(LIBRARY_SEARCH_PATHS_QUOTED_2)",
				);
				LIBRARY_SEARCH_PATHS_QUOTED_1 = "\"$(SRCROOT)\"";
				LIBRARY_SEARCH_PATHS_QUOTED_2 = "\"$(SRCROOT)/libjpeg\"";
				PRODUCT_NAME = q3bsp;
			};
			name = Release;
		};
		1DEB928A08733DD80010E9CD /* Debug */ = {
			isa = XCBuildConfiguration;
			buildSettings = {
				GCC_WARN_ABOUT_RETURN_TYPE = YES;
				GCC_WARN_UNUSED_VARIABLE = YES;
				OTHER_LDFLAGS = "";
				PREBINDING = NO;
				SDKROOT = /Developer/SDKs/MacOSX10.4u.sdk;
				ZERO_LINK = NO;
			};
			name = Debug;
		};
		1DEB928B08733DD80010E9CD /* Release */ = {
			isa = XCBuildConfiguration;
			buildSettings = {
				GCC_WARN_ABOUT_RETURN_TYPE = YES;
				GCC_WARN_UNUSED_VARIABLE = YES;
				OTHER_LDFLAGS = "";
				PREBINDING = NO;
				SDKROOT = /Developer/SDKs/MacOSX10.4u.sdk;
				ZERO_LINK = NO;
			};
			name = Release;
		};
/* End XCBuildConfiguration section */

/* Begin XCConfigurationList section */
		1DEB928508733DD80010E9CD /* Build configuration list for PBXNativeTarget "q3bsp" */ = {
			isa = XCConfigurationList;
			buildConfigurations = (
				1DEB928608733DD80010E9CD /* Debug */,
				1DEB928708733DD80010E9CD /* Release */,
			);
			defaultConfigurationIsVisible = 0;
			defaultConfigurationName = Release;
		};
		1DEB928908733DD80010E9CD /* Build configuration list for PBXProject "q3bsp" */ = {
			isa = XCConfigurationList;
			buildConfigurations = (
				1DEB928A08733DD80010E9CD /* Debug */,
				1DEB928B08733DD80010E9CD /* Release */,
			);
			defaultConfigurationIsVisible = 0;
			defaultConfigurationName = Release;
		};
/* End XCConfigurationList section */
	};
	rootObject = 08FB7793FE84155DC02AAC07 /* Project object */;
}
